
Microsoft Visual Studio Solution File, Format Version 12.00
# Visual Studio Version 17
VisualStudioVersion = 17.14.36804.6 d17.14
MinimumVisualStudioVersion = 10.0.40219.1
Project("{FAE04EC0-301F-11D3-BF4B-00C04F79EFBC}") = "DairyFarmManagementSystem", "DairyFarmManagementSystem\DairyFarmManagementSystem.csproj", "{567CD73F-1BE9-4789-975F-B9420C6040D9}"
EndProject
Global
	GlobalSection(SolutionConfigurationPlatforms) = preSolution
		Debug|Any CPU = Debug|Any CPU
		Release|Any CPU = Release|Any CPU
	EndGlobalSection
	GlobalSection(ProjectConfigurationPlatforms) = postSolution
		{567CD73F-1BE9-4789-975F-B9420C6040D9}.Debug|Any CPU.ActiveCfg = Debug|Any CPU
		{567CD73F-1BE9-4789-975F-B9420C6040D9}.Debug|Any CPU.Build.0 = Debug|Any CPU
		{567CD73F-1BE9-4789-975F-B9420C6040D9}.Release|Any CPU.ActiveCfg = Release|Any CPU
		{567CD73F-1BE9-4789-975F-B9420C6040D9}.Release|Any CPU.Build.0 = Release|Any CPU
	EndGlobalSection
	GlobalSection(SolutionProperties) = preSolution
		HideSolutionNode = FALSE
	EndGlobalSection
	GlobalSection(ExtensibilityGlobals) = postSolution
		SolutionGuid = {E1636420-5275-410E-ADC4-CD6FAF4CC4F8}
	EndGlobalSection
EndGlobal
